
Microsoft Visual Studio Solution File, Format Version 12.00
# Visual Studio 15
VisualStudioVersion = 15.0.28010.2019
MinimumVisualStudioVersion = 10.0.40219.1
Project("{FAE04EC0-301F-11D3-BF4B-00C04F79EFBC}") = "TCP_Server", "TCP_Server\TCP_Server.csproj", "{92C383BF-CE7C-447C-AF42-F49AD9E058A5}"
EndProject
Project("{FAE04EC0-301F-11D3-BF4B-00C04F79EFBC}") = "Scs", "Scs\Scs.csproj", "{0DC81B09-3ABF-4BB3-8C08-4E8EE4432BDC}"
EndProject
Project("{FAE04EC0-301F-11D3-BF4B-00C04F79EFBC}") = "ConfigFile", "ConfigFile\ConfigFile.csproj", "{778FDFF3-DC5E-42E1-834B-985384E27065}"
EndProject
Project("{FAE04EC0-301F-11D3-BF4B-00C04F79EFBC}") = "DaoDatabase", "DaoDatabase\DaoDatabase.csproj", "{D7748360-EA91-4DF5-AC49-497635E8BAD8}"
EndProject
Global
	GlobalSection(SolutionConfigurationPlatforms) = preSolution
		CENTER_DEBUG|Any CPU = CENTER_DEBUG|Any CPU
		Debug|Any CPU = Debug|Any CPU
		DEVICE_DEBUG|Any CPU = DEVICE_DEBUG|Any CPU
		RELEASE_CENTER|Any CPU = RELEASE_CENTER|Any CPU
		RELEASE_DEVICE|Any CPU = RELEASE_DEVICE|Any CPU
		Release|Any CPU = Release|Any CPU
	EndGlobalSection
	GlobalSection(ProjectConfigurationPlatforms) = postSolution
		{92C383BF-CE7C-447C-AF42-F49AD9E058A5}.CENTER_DEBUG|Any CPU.ActiveCfg = Release|Any CPU
		{92C383BF-CE7C-447C-AF42-F49AD9E058A5}.CENTER_DEBUG|Any CPU.Build.0 = Release|Any CPU
		{92C383BF-CE7C-447C-AF42-F49AD9E058A5}.Debug|Any CPU.ActiveCfg = Debug|Any CPU
		{92C383BF-CE7C-447C-AF42-F49AD9E058A5}.Debug|Any CPU.Build.0 = Debug|Any CPU
		{92C383BF-CE7C-447C-AF42-F49AD9E058A5}.DEVICE_DEBUG|Any CPU.ActiveCfg = Debug|Any CPU
		{92C383BF-CE7C-447C-AF42-F49AD9E058A5}.DEVICE_DEBUG|Any CPU.Build.0 = Debug|Any CPU
		{92C383BF-CE7C-447C-AF42-F49AD9E058A5}.RELEASE_CENTER|Any CPU.ActiveCfg = Release|Any CPU
		{92C383BF-CE7C-447C-AF42-F49AD9E058A5}.RELEASE_CENTER|Any CPU.Build.0 = Release|Any CPU
		{92C383BF-CE7C-447C-AF42-F49AD9E058A5}.RELEASE_DEVICE|Any CPU.ActiveCfg = Release|Any CPU
		{92C383BF-CE7C-447C-AF42-F49AD9E058A5}.RELEASE_DEVICE|Any CPU.Build.0 = Release|Any CPU
		{92C383BF-CE7C-447C-AF42-F49AD9E058A5}.Release|Any CPU.ActiveCfg = Release|Any CPU
		{92C383BF-CE7C-447C-AF42-F49AD9E058A5}.Release|Any CPU.Build.0 = Release|Any CPU
		{0DC81B09-3ABF-4BB3-8C08-4E8EE4432BDC}.CENTER_DEBUG|Any CPU.ActiveCfg = Release|Any CPU
		{0DC81B09-3ABF-4BB3-8C08-4E8EE4432BDC}.CENTER_DEBUG|Any CPU.Build.0 = Release|Any CPU
		{0DC81B09-3ABF-4BB3-8C08-4E8EE4432BDC}.Debug|Any CPU.ActiveCfg = Debug|Any CPU
		{0DC81B09-3ABF-4BB3-8C08-4E8EE4432BDC}.Debug|Any CPU.Build.0 = Debug|Any CPU
		{0DC81B09-3ABF-4BB3-8C08-4E8EE4432BDC}.DEVICE_DEBUG|Any CPU.ActiveCfg = Debug|Any CPU
		{0DC81B09-3ABF-4BB3-8C08-4E8EE4432BDC}.DEVICE_DEBUG|Any CPU.Build.0 = Debug|Any CPU
		{0DC81B09-3ABF-4BB3-8C08-4E8EE4432BDC}.RELEASE_CENTER|Any CPU.ActiveCfg = Release|Any CPU
		{0DC81B09-3ABF-4BB3-8C08-4E8EE4432BDC}.RELEASE_CENTER|Any CPU.Build.0 = Release|Any CPU
		{0DC81B09-3ABF-4BB3-8C08-4E8EE4432BDC}.RELEASE_DEVICE|Any CPU.ActiveCfg = Release|Any CPU
		{0DC81B09-3ABF-4BB3-8C08-4E8EE4432BDC}.RELEASE_DEVICE|Any CPU.Build.0 = Release|Any CPU
		{0DC81B09-3ABF-4BB3-8C08-4E8EE4432BDC}.Release|Any CPU.ActiveCfg = Release|Any CPU
		{0DC81B09-3ABF-4BB3-8C08-4E8EE4432BDC}.Release|Any CPU.Build.0 = Release|Any CPU
		{778FDFF3-DC5E-42E1-834B-985384E27065}.CENTER_DEBUG|Any CPU.ActiveCfg = Release|Any CPU
		{778FDFF3-DC5E-42E1-834B-985384E27065}.CENTER_DEBUG|Any CPU.Build.0 = Release|Any CPU
		{778FDFF3-DC5E-42E1-834B-985384E27065}.Debug|Any CPU.ActiveCfg = Debug|Any CPU
		{778FDFF3-DC5E-42E1-834B-985384E27065}.Debug|Any CPU.Build.0 = Debug|Any CPU
		{778FDFF3-DC5E-42E1-834B-985384E27065}.DEVICE_DEBUG|Any CPU.ActiveCfg = Debug|Any CPU
		{778FDFF3-DC5E-42E1-834B-985384E27065}.DEVICE_DEBUG|Any CPU.Build.0 = Debug|Any CPU
		{778FDFF3-DC5E-42E1-834B-985384E27065}.RELEASE_CENTER|Any CPU.ActiveCfg = Release|Any CPU
		{778FDFF3-DC5E-42E1-834B-985384E27065}.RELEASE_CENTER|Any CPU.Build.0 = Release|Any CPU
		{778FDFF3-DC5E-42E1-834B-985384E27065}.RELEASE_DEVICE|Any CPU.ActiveCfg = Release|Any CPU
		{778FDFF3-DC5E-42E1-834B-985384E27065}.RELEASE_DEVICE|Any CPU.Build.0 = Release|Any CPU
		{778FDFF3-DC5E-42E1-834B-985384E27065}.Release|Any CPU.ActiveCfg = Release|Any CPU
		{778FDFF3-DC5E-42E1-834B-985384E27065}.Release|Any CPU.Build.0 = Release|Any CPU
		{D7748360-EA91-4DF5-AC49-497635E8BAD8}.CENTER_DEBUG|Any CPU.ActiveCfg = CENTER_DEBUG|Any CPU
		{D7748360-EA91-4DF5-AC49-497635E8BAD8}.CENTER_DEBUG|Any CPU.Build.0 = CENTER_DEBUG|Any CPU
		{D7748360-EA91-4DF5-AC49-497635E8BAD8}.Debug|Any CPU.ActiveCfg = Debug|Any CPU
		{D7748360-EA91-4DF5-AC49-497635E8BAD8}.Debug|Any CPU.Build.0 = Debug|Any CPU
		{D7748360-EA91-4DF5-AC49-497635E8BAD8}.DEVICE_DEBUG|Any CPU.ActiveCfg = DEVICE_DEBUG|Any CPU
		{D7748360-EA91-4DF5-AC49-497635E8BAD8}.DEVICE_DEBUG|Any CPU.Build.0 = DEVICE_DEBUG|Any CPU
		{D7748360-EA91-4DF5-AC49-497635E8BAD8}.RELEASE_CENTER|Any CPU.ActiveCfg = RELEASE_CENTER|Any CPU
		{D7748360-EA91-4DF5-AC49-497635E8BAD8}.RELEASE_CENTER|Any CPU.Build.0 = RELEASE_CENTER|Any CPU
		{D7748360-EA91-4DF5-AC49-497635E8BAD8}.RELEASE_DEVICE|Any CPU.ActiveCfg = RELEASE_DEVICE|Any CPU
		{D7748360-EA91-4DF5-AC49-497635E8BAD8}.RELEASE_DEVICE|Any CPU.Build.0 = RELEASE_DEVICE|Any CPU
		{D7748360-EA91-4DF5-AC49-497635E8BAD8}.Release|Any CPU.ActiveCfg = Release|Any CPU
		{D7748360-EA91-4DF5-AC49-497635E8BAD8}.Release|Any CPU.Build.0 = Release|Any CPU
	EndGlobalSection
	GlobalSection(SolutionProperties) = preSolution
		HideSolutionNode = FALSE
	EndGlobalSection
	GlobalSection(ExtensibilityGlobals) = postSolution
		SolutionGuid = {31BDD5B5-4D9D-4B53-A525-76695464B5BD}
	EndGlobalSection
EndGlobal
